// !$*UTF8*$!
{
	archiveVersion = 1;
	classes = {
	};
	objectVersion = 48;
	objects = {

/* Begin PBXBuildFile section */
		25335483190BDD123B2280C3 /* libPods-WPPrintLogFileDemo.a in Frameworks */ = {isa = PBXBuildFile; fileRef = 27B80ED83AD2D47463DF68DD /* libPods-WPPrintLogFileDemo.a */; };
		FE515B9E1F7F4AFB00337D5C /* AppDelegate.m in Sources */ = {isa = PBXBuildFile; fileRef = FE515B9D1F7F4AFB00337D5C /* AppDelegate.m */; };
		FE515BA11F7F4AFB00337D5C /* ViewController.m in Sources */ = {isa = PBXBuildFile; fileRef = FE515BA01F7F4AFB00337D5C /* ViewController.m */; };
		FE515BA41F7F4AFB00337D5C /* Main.storyboard in Resources */ = {isa = PBXBuildFile; fileRef = FE515BA21F7F4AFB00337D5C /* Main.storyboard */; };
		FE515BA61F7F4AFB00337D5C /* Assets.xcassets in Resources */ = {isa = PBXBuildFile; fileRef = FE515BA51F7F4AFB00337D5C /* Assets.xcassets */; };
		FE515BA91F7F4AFB00337D5C /* LaunchScreen.storyboard in Resources */ = {isa = PBXBuildFile; fileRef = FE515BA71F7F4AFB00337D5C /* LaunchScreen.storyboard */; };
		FE515BAC1F7F4AFB00337D5C /* main.m in Sources */ = {isa = PBXBuildFile; fileRef = FE515BAB1F7F4AFB00337D5C /* main.m */; };
		FE515BB81F7F4B9000337D5C /* WPPrintLogFile.m in Sources */ = {isa = PBXBuildFile; fileRef = FE515BB71F7F4B9000337D5C /* WPPrintLogFile.m */; };
		FE515BBB1F7F50C300337D5C /* WPWriteToFile.m in Sources */ = {isa = PBXBuildFile; fileRef = FE515BBA1F7F50C300337D5C /* WPWriteToFile.m */; };
		FE71ABA41F94B2BE000101F5 /* WPPrintLogFile.podspec in Resources */ = {isa = PBXBuildFile; fileRef = FE71ABA31F94B2BE000101F5 /* WPPrintLogFile.podspec */; };
/* End PBXBuildFile section */

/* Begin PBXFileReference section */
		27B80ED83AD2D47463DF68DD /* libPods-WPPrintLogFileDemo.a */ = {isa = PBXFileReference; explicitFileType = archive.ar; includeInIndex = 0; path = "libPods-WPPrintLogFileDemo.a"; sourceTree = BUILT_PRODUCTS_DIR; };
		7C360F646B36409A25F557CB /* Pods-WPPrintLogFileDemo.release.xcconfig */ = {isa = PBXFileReference; includeInIndex = 1; lastKnownFileType = text.xcconfig; name = "Pods-WPPrintLogFileDemo.release.xcconfig"; path = "Pods/Target Support Files/Pods-WPPrintLogFileDemo/Pods-WPPrintLogFileDemo.release.xcconfig"; sourceTree = "<group>"; };
		91AE0669116006271A1B961B /* Pods-WPPrintLogFileDemo.debug.xcconfig */ = {isa = PBXFileReference; includeInIndex = 1; lastKnownFileType = text.xcconfig; name = "Pods-WPPrintLogFileDemo.debug.xcconfig"; path = "Pods/Target Support Files/Pods-WPPrintLogFileDemo/Pods-WPPrintLogFileDemo.debug.xcconfig"; sourceTree = "<group>"; };
		FE515B991F7F4AFB00337D5C /* WPPrintLogFileDemo.app */ = {isa = PBXFileReference; explicitFileType = wrapper.application; includeInIndex = 0; path = WPPrintLogFileDemo.app; sourceTree = BUILT_PRODUCTS_DIR; };
		FE515B9C1F7F4AFB00337D5C /* AppDelegate.h */ = {isa = PBXFileReference; lastKnownFileType = sourcecode.c.h; path = AppDelegate.h; sourceTree = "<group>"; };
		FE515B9D1F7F4AFB00337D5C /* AppDelegate.m */ = {isa = PBXFileReference; lastKnownFileType = sourcecode.c.objc; path = AppDelegate.m; sourceTree = "<group>"; };
		FE515B9F1F7F4AFB00337D5C /* ViewController.h */ = {isa = PBXFileReference; lastKnownFileType = sourcecode.c.h; path = ViewController.h; sourceTree = "<group>"; };
		FE515BA01F7F4AFB00337D5C /* ViewController.m */ = {isa = PBXFileReference; lastKnownFileType = sourcecode.c.objc; path = ViewController.m; sourceTree = "<group>"; };
		FE515BA31F7F4AFB00337D5C /* Base */ = {isa = PBXFileReference; lastKnownFileType = file.storyboard; name = Base; path = Base.lproj/Main.storyboard; sourceTree = "<group>"; };
		FE515BA51F7F4AFB00337D5C /* Assets.xcassets */ = {isa = PBXFileReference; lastKnownFileType = folder.assetcatalog; path = Assets.xcassets; sourceTree = "<group>"; };
		FE515BA81F7F4AFB00337D5C /* Base */ = {isa = PBXFileReference; lastKnownFileType = file.storyboard; name = Base; path = Base.lproj/LaunchScreen.storyboard; sourceTree = "<group>"; };
		FE515BAA1F7F4AFB00337D5C /* Info.plist */ = {isa = PBXFileReference; lastKnownFileType = text.plist.xml; path = Info.plist; sourceTree = "<group>"; };
		FE515BAB1F7F4AFB00337D5C /* main.m */ = {isa = PBXFileReference; lastKnownFileType = sourcecode.c.objc; path = main.m; sourceTree = "<group>"; };
		FE515BB61F7F4B9000337D5C /* WPPrintLogFile.h */ = {isa = PBXFileReference; fileEncoding = 4; lastKnownFileType = sourcecode.c.h; path = WPPrintLogFile.h; sourceTree = "<group>"; };
		FE515BB71F7F4B9000337D5C /* WPPrintLogFile.m */ = {isa = PBXFileReference; fileEncoding = 4; lastKnownFileType = sourcecode.c.objc; path = WPPrintLogFile.m; sourceTree = "<group>"; };
		FE515BB91F7F50C300337D5C /* WPWriteToFile.h */ = {isa = PBXFileReference; lastKnownFileType = sourcecode.c.h; path = WPWriteToFile.h; sourceTree = "<group>"; };
		FE515BBA1F7F50C300337D5C /* WPWriteToFile.m */ = {isa = PBXFileReference; lastKnownFileType = sourcecode.c.objc; path = WPWriteToFile.m; sourceTree = "<group>"; };
		FE71ABA31F94B2BE000101F5 /* WPPrintLogFile.podspec */ = {isa = PBXFileReference; fileEncoding = 4; lastKnownFileType = text; name = WPPrintLogFile.podspec; path = ../WPPrintLogFile.podspec; sourceTree = "<group>"; };
/* End PBXFileReference section */

/* Begin PBXFrameworksBuildPhase section */
		FE515B961F7F4AFB00337D5C /* Frameworks */ = {
			isa = PBXFrameworksBuildPhase;
			buildActionMask = 2147483647;
			files = (
				25335483190BDD123B2280C3 /* libPods-WPPrintLogFileDemo.a in Frameworks */,
			);
			runOnlyForDeploymentPostprocessing = 0;
		};
/* End PBXFrameworksBuildPhase section */

/* Begin PBXGroup section */
		11A6235DC7B0A34A9F76E6E9 /* Pods */ = {
			isa = PBXGroup;
			children = (
				91AE0669116006271A1B961B /* Pods-WPPrintLogFileDemo.debug.xcconfig */,
				7C360F646B36409A25F557CB /* Pods-WPPrintLogFileDemo.release.xcconfig */,
			);
			name = Pods;
			sourceTree = "<group>";
		};
		81716A548A3DA3F648F16F32 /* Frameworks */ = {
			isa = PBXGroup;
			children = (
				27B80ED83AD2D47463DF68DD /* libPods-WPPrintLogFileDemo.a */,
			);
			name = Frameworks;
			sourceTree = "<group>";
		};
		FE515B901F7F4AFB00337D5C = {
			isa = PBXGroup;
			children = (
				FE71ABA31F94B2BE000101F5 /* WPPrintLogFile.podspec */,
				FE515B9B1F7F4AFB00337D5C /* WPPrintLogFileDemo */,
				FE515B9A1F7F4AFB00337D5C /* Products */,
				11A6235DC7B0A34A9F76E6E9 /* Pods */,
				81716A548A3DA3F648F16F32 /* Frameworks */,
			);
			sourceTree = "<group>";
		};
		FE515B9A1F7F4AFB00337D5C /* Products */ = {
			isa = PBXGroup;
			children = (
				FE515B991F7F4AFB00337D5C /* WPPrintLogFileDemo.app */,
			);
			name = Products;
			sourceTree = "<group>";
		};
		FE515B9B1F7F4AFB00337D5C /* WPPrintLogFileDemo */ = {
			isa = PBXGroup;
			children = (
				FE515BB51F7F4B9000337D5C /* WPPrintLogFile */,
				FE515B9C1F7F4AFB00337D5C /* AppDelegate.h */,
				FE515B9D1F7F4AFB00337D5C /* AppDelegate.m */,
				FE515B9F1F7F4AFB00337D5C /* ViewController.h */,
				FE515BA01F7F4AFB00337D5C /* ViewController.m */,
				FE515BA21F7F4AFB00337D5C /* Main.storyboard */,
				FE515BA51F7F4AFB00337D5C /* Assets.xcassets */,
				FE515BA71F7F4AFB00337D5C /* LaunchScreen.storyboard */,
				FE515BAA1F7F4AFB00337D5C /* Info.plist */,
				FE515BAB1F7F4AFB00337D5C /* main.m */,
			);
			path = WPPrintLogFileDemo;
			sourceTree = "<group>";
		};
		FE515BB51F7F4B9000337D5C /* WPPrintLogFile */ = {
			isa = PBXGroup;
			children = (
				FE515BB61F7F4B9000337D5C /* WPPrintLogFile.h */,
				FE515BB71F7F4B9000337D5C /* WPPrintLogFile.m */,
				FE515BB91F7F50C300337D5C /* WPWriteToFile.h */,
				FE515BBA1F7F50C300337D5C /* WPWriteToFile.m */,
			);
			name = WPPrintLogFile;
			path = ../../WPPrintLogFile;
			sourceTree = "<group>";
		};
/* End PBXGroup section */

/* Begin PBXNativeTarget section */
		FE515B981F7F4AFB00337D5C /* WPPrintLogFileDemo */ = {
			isa = PBXNativeTarget;
			buildConfigurationList = FE515BAF1F7F4AFB00337D5C /* Build configuration list for PBXNativeTarget "WPPrintLogFileDemo" */;
			buildPhases = (
				22F461E69D27C516FD5E8627 /* [CP] Check Pods Manifest.lock */,
				FE515B951F7F4AFB00337D5C /* Sources */,
				FE515B961F7F4AFB00337D5C /* Frameworks */,
				FE515B971F7F4AFB00337D5C /* Resources */,
				94A1A37A2E6B1DB4F63B091E /* [CP] Copy Pods Resources */,
			);
			buildRules = (
			);
			dependencies = (
			);
			name = WPPrintLogFileDemo;
			productName = WPPrintLogFileDemo;
			productReference = FE515B991F7F4AFB00337D5C /* WPPrintLogFileDemo.app */;
			productType = "com.apple.product-type.application";
		};
/* End PBXNativeTarget section */

/* Begin PBXProject section */
		FE515B911F7F4AFB00337D5C /* Project object */ = {
			isa = PBXProject;
			attributes = {
				LastUpgradeCheck = 0900;
				ORGANIZATIONNAME = liwenhaopro;
				TargetAttributes = {
					FE515B981F7F4AFB00337D5C = {
						CreatedOnToolsVersion = 9.0;
						ProvisioningStyle = Automatic;
					};
				};
			};
			buildConfigurationList = FE515B941F7F4AFB00337D5C /* Build configuration list for PBXProject "WPPrintLogFileDemo" */;
			compatibilityVersion = "Xcode 8.0";
			developmentRegion = en;
			hasScannedForEncodings = 0;
			knownRegions = (
				en,
				Base,
			);
			mainGroup = FE515B901F7F4AFB00337D5C;
			productRefGroup = FE515B9A1F7F4AFB00337D5C /* Products */;
			projectDirPath = "";
			projectRoot = "";
			targets = (
				FE515B981F7F4AFB00337D5C /* WPPrintLogFileDemo */,
			);
		};
/* End PBXProject section */

/* Begin PBXResourcesBuildPhase section */
		FE515B971F7F4AFB00337D5C /* Resources */ = {
			isa = PBXResourcesBuildPhase;
			buildActionMask = 2147483647;
			files = (
				FE71ABA41F94B2BE000101F5 /* WPPrintLogFile.podspec in Resources */,
				FE515BA91F7F4AFB00337D5C /* LaunchScreen.storyboard in Resources */,
				FE515BA61F7F4AFB00337D5C /* Assets.xcassets in Resources */,
				FE515BA41F7F4AFB00337D5C /* Main.storyboard in Resources */,
			);
			runOnlyForDeploymentPostprocessing = 0;
		};
/* End PBXResourcesBuildPhase section */

/* Begin PBXShellScriptBuildPhase section */
		22F461E69D27C516FD5E8627 /* [CP] Check Pods Manifest.lock */ = {
			isa = PBXShellScriptBuildPhase;
			buildActionMask = 2147483647;
			files = (
			);
			inputPaths = (
				"${PODS_PODFILE_DIR_PATH}/Podfile.lock",
				"${PODS_ROOT}/Manifest.lock",
			);
			name = "[CP] Check Pods Manifest.lock";
			outputPaths = (
				"$(DERIVED_FILE_DIR)/Pods-WPPrintLogFileDemo-checkManifestLockResult.txt",
			);
			runOnlyForDeploymentPostprocessing = 0;
			shellPath = /bin/sh;
			shellScript = "diff \"${PODS_PODFILE_DIR_PATH}/Podfile.lock\" \"${PODS_ROOT}/Manifest.lock\" > /dev/null\nif [ $? != 0 ] ; then\n    # print error to STDERR\n    echo \"error: The sandbox is not in sync with the Podfile.lock. Run 'pod install' or update your CocoaPods installation.\" >&2\n    exit 1\nfi\n# This output is used by Xcode 'outputs' to avoid re-running this script phase.\necho \"SUCCESS\" > \"${SCRIPT_OUTPUT_FILE_0}\"\n";
			showEnvVarsInLog = 0;
		};
		94A1A37A2E6B1DB4F63B091E /* [CP] Copy Pods Resources */ = {
			isa = PBXShellScriptBuildPhase;
			buildActionMask = 2147483647;
			files = (
			);
			inputPaths = (
				"${SRCROOT}/Pods/Target Support Files/Pods-WPPrintLogFileDemo/Pods-WPPrintLogFileDemo-resources.sh",
				"${PODS_ROOT}/WPSandBoxPreviewTool/WPSandBoxPreviewTool/iconSource/back_icon@2x.png",
				"${PODS_ROOT}/WPSandBoxPreviewTool/WPSandBoxPreviewTool/iconSource/GenericFolderIcon.png",
				"${PODS_ROOT}/WPSandBoxPreviewTool/WPSandBoxPreviewTool/iconSource/lj_Pictures.png",
				"${PODS_ROOT}/WPSandBoxPreviewTool/WPSandBoxPreviewTool/iconSource/lj_unknow_icon.png",
			);
			name = "[CP] Copy Pods Resources";
			outputPaths = (
				"${TARGET_BUILD_DIR}/${UNLOCALIZED_RESOURCES_FOLDER_PATH}/back_icon@2x.png",
				"${TARGET_BUILD_DIR}/${UNLOCALIZED_RESOURCES_FOLDER_PATH}/GenericFolderIcon.png",
				"${TARGET_BUILD_DIR}/${UNLOCALIZED_RESOURCES_FOLDER_PATH}/lj_Pictures.png",
				"${TARGET_BUILD_DIR}/${UNLOCALIZED_RESOURCES_FOLDER_PATH}/lj_unknow_icon.png",
			);
			runOnlyForDeploymentPostprocessing = 0;
			shellPath = /bin/sh;
			shellScript = "\"${SRCROOT}/Pods/Target Support Files/Pods-WPPrintLogFileDemo/Pods-WPPrintLogFileDemo-resources.sh\"\n";
			showEnvVarsInLog = 0;
		};
/* End PBXShellScriptBuildPhase section */

/* Begin PBXSourcesBuildPhase section */
		FE515B951F7F4AFB00337D5C /* Sources */ = {
			isa = PBXSourcesBuildPhase;
			buildActionMask = 2147483647;
			files = (
				FE515BBB1F7F50C300337D5C /* WPWriteToFile.m in Sources */,
				FE515BA11F7F4AFB00337D5C /* ViewController.m in Sources */,
				FE515BB81F7F4B9000337D5C /* WPPrintLogFile.m in Sources */,
				FE515BAC1F7F4AFB00337D5C /* main.m in Sources */,
				FE515B9E1F7F4AFB00337D5C /* AppDelegate.m in Sources */,
			);
			runOnlyForDeploymentPostprocessing = 0;
		};
/* End PBXSourcesBuildPhase section */

/* Begin PBXVariantGroup section */
		FE515BA21F7F4AFB00337D5C /* Main.storyboard */ = {
			isa = PBXVariantGroup;
			children = (
				FE515BA31F7F4AFB00337D5C /* Base */,
			);
			name = Main.storyboard;
			sourceTree = "<group>";
		};
		FE515BA71F7F4AFB00337D5C /* LaunchScreen.storyboard */ = {
			isa = PBXVariantGroup;
			children = (
				FE515BA81F7F4AFB00337D5C /* Base */,
			);
			name = LaunchScreen.storyboard;
			sourceTree = "<group>";
		};
/* End PBXVariantGroup section */

/* Begin XCBuildConfiguration section */
		FE515BAD1F7F4AFB00337D5C /* Debug */ = {
			isa = XCBuildConfiguration;
			buildSettings = {
				ALWAYS_SEARCH_USER_PATHS = NO;
				CLANG_ANALYZER_NONNULL = YES;
				CLANG_ANALYZER_NUMBER_OBJECT_CONVERSION = YES_AGGRESSIVE;
				CLANG_CXX_LANGUAGE_STANDARD = "gnu++14";
				CLANG_CXX_LIBRARY = "libc++";
				CLANG_ENABLE_MODULES = YES;
				CLANG_ENABLE_OBJC_ARC = YES;
				CLANG_WARN_BLOCK_CAPTURE_AUTORELEASING = YES;
				CLANG_WARN_BOOL_CONVERSION = YES;
				CLANG_WARN_COMMA = YES;
				CLANG_WARN_CONSTANT_CONVERSION = YES;
				CLANG_WARN_DIRECT_OBJC_ISA_USAGE = YES_ERROR;
				CLANG_WARN_DOCUMENTATION_COMMENTS = YES;
				CLANG_WARN_EMPTY_BODY = YES;
				CLANG_WARN_ENUM_CONVERSION = YES;
				CLANG_WARN_INFINITE_RECURSION = YES;
				CLANG_WARN_INT_CONVERSION = YES;
				CLANG_WARN_NON_LITERAL_NULL_CONVERSION = YES;
				CLANG_WARN_OBJC_LITERAL_CONVERSION = YES;
				CLANG_WARN_OBJC_ROOT_CLASS = YES_ERROR;
				CLANG_WARN_RANGE_LOOP_ANALYSIS = YES;
				CLANG_WARN_STRICT_PROTOTYPES = YES;
				CLANG_WARN_SUSPICIOUS_MOVE = YES;
				CLANG_WARN_UNGUARDED_AVAILABILITY = YES_AGGRESSIVE;
				CLANG_WARN_UNREACHABLE_CODE = YES;
				CLANG_WARN__DUPLICATE_METHOD_MATCH = YES;
				CODE_SIGN_IDENTITY = "iPhone Developer";
				COPY_PHASE_STRIP = NO;
				DEBUG_INFORMATION_FORMAT = dwarf;
				ENABLE_STRICT_OBJC_MSGSEND = YES;
				ENABLE_TESTABILITY = YES;
				GCC_C_LANGUAGE_STANDARD = gnu11;
				GCC_DYNAMIC_NO_PIC = NO;
				GCC_NO_COMMON_BLOCKS = YES;
				GCC_OPTIMIZATION_LEVEL = 0;
				GCC_PREPROCESSOR_DEFINITIONS = (
					"DEBUG=1",
					"$(inherited)",
				);
				GCC_WARN_64_TO_32_BIT_CONVERSION = YES;
				GCC_WARN_ABOUT_RETURN_TYPE = YES_ERROR;
				GCC_WARN_UNDECLARED_SELECTOR = YES;
				GCC_WARN_UNINITIALIZED_AUTOS = YES_AGGRESSIVE;
				GCC_WARN_UNUSED_FUNCTION = YES;
				GCC_WARN_UNUSED_VARIABLE = YES;
				IPHONEOS_DEPLOYMENT_TARGET = 11.0;
				MTL_ENABLE_DEBUG_INFO = YES;
				ONLY_ACTIVE_ARCH = YES;
				SDKROOT = iphoneos;
			};
			name = Debug;
		};
		FE515BAE1F7F4AFB00337D5C /* Release */ = {
			isa = XCBuildConfiguration;
			buildSettings = {
				ALWAYS_SEARCH_USER_PATHS = NO;
				CLANG_ANALYZER_NONNULL = YES;
				CLANG_ANALYZER_NUMBER_OBJECT_CONVERSION = YES_AGGRESSIVE;
				CLANG_CXX_LANGUAGE_STANDARD = "gnu++14";
				CLANG_CXX_LIBRARY = "libc++";
				CLANG_ENABLE_MODULES = YES;
				CLANG_ENABLE_OBJC_ARC = YES;
				CLANG_WARN_BLOCK_CAPTURE_AUTORELEASING = YES;
				CLANG_WARN_BOOL_CONVERSION = YES;
				CLANG_WARN_COMMA = YES;
				CLANG_WARN_CONSTANT_CONVERSION = YES;
				CLANG_WARN_DIRECT_OBJC_ISA_USAGE = YES_ERROR;
				CLANG_WARN_DOCUMENTATION_COMMENTS = YES;
				CLANG_WARN_EMPTY_BODY = YES;
				CLANG_WARN_ENUM_CONVERSION = YES;
				CLANG_WARN_INFINITE_RECURSION = YES;
				CLANG_WARN_INT_CONVERSION = YES;
				CLANG_WARN_NON_LITERAL_NULL_CONVERSION = YES;
				CLANG_WARN_OBJC_LITERAL_CONVERSION = YES;
				CLANG_WARN_OBJC_ROOT_CLASS = YES_ERROR;
				CLANG_WARN_RANGE_LOOP_ANALYSIS = YES;
				CLANG_WARN_STRICT_PROTOTYPES = YES;
				CLANG_WARN_SUSPICIOUS_MOVE = YES;
				CLANG_WARN_UNGUARDED_AVAILABILITY = YES_AGGRESSIVE;
				CLANG_WARN_UNREACHABLE_CODE = YES;
				CLANG_WARN__DUPLICATE_METHOD_MATCH = YES;
				CODE_SIGN_IDENTITY = "iPhone Developer";
				COPY_PHASE_STRIP = NO;
				DEBUG_INFORMATION_FORMAT = "dwarf-with-dsym";
				ENABLE_NS_ASSERTIONS = NO;
				ENABLE_STRICT_OBJC_MSGSEND = YES;
				GCC_C_LANGUAGE_STANDARD = gnu11;
				GCC_NO_COMMON_BLOCKS = YES;
				GCC_WARN_64_TO_32_BIT_CONVERSION = YES;
				GCC_WARN_ABOUT_RETURN_TYPE = YES_ERROR;
				GCC_WARN_UNDECLARED_SELECTOR = YES;
				GCC_WARN_UNINITIALIZED_AUTOS = YES_AGGRESSIVE;
				GCC_WARN_UNUSED_FUNCTION = YES;
				GCC_WARN_UNUSED_VARIABLE = YES;
				IPHONEOS_DEPLOYMENT_TARGET = 11.0;
				MTL_ENABLE_DEBUG_INFO = NO;
				SDKROOT = iphoneos;
				VALIDATE_PRODUCT = YES;
			};
			name = Release;
		};
		FE515BB01F7F4AFB00337D5C /* Debug */ = {
			isa = XCBuildConfiguration;
			baseConfigurationReference = 91AE0669116006271A1B961B /* Pods-WPPrintLogFileDemo.debug.xcconfig */;
			buildSettings = {
				ASSETCATALOG_COMPILER_APPICON_NAME = AppIcon;
				CODE_SIGN_STYLE = Automatic;
				DEVELOPMENT_TEAM = 8VGP475R33;
				INFOPLIST_FILE = WPPrintLogFileDemo/Info.plist;
				IPHONEOS_DEPLOYMENT_TARGET = 7;
				LD_RUNPATH_SEARCH_PATHS = "$(inherited) @executable_path/Frameworks";
				PRODUCT_BUNDLE_IDENTIFIER = webViewindefiner.WPPrintLogFileDemo..;
				PRODUCT_NAME = "$(TARGET_NAME)";
				TARGETED_DEVICE_FAMILY = "1,2";
			};
			name = Debug;
		};
		FE515BB11F7F4AFB00337D5C /* Release */ = {
			isa = XCBuildConfiguration;
			baseConfigurationReference = 7C360F646B36409A25F557CB /* Pods-WPPrintLogFileDemo.release.xcconfig */;
			buildSettings = {
				ASSETCATALOG_COMPILER_APPICON_NAME = AppIcon;
				CODE_SIGN_STYLE = Automatic;
				DEVELOPMENT_TEAM = 8VGP475R33;
				INFOPLIST_FILE = WPPrintLogFileDemo/Info.plist;
				IPHONEOS_DEPLOYMENT_TARGET = 7;
				LD_RUNPATH_SEARCH_PATHS = "$(inherited) @executable_path/Frameworks";
				PRODUCT_BUNDLE_IDENTIFIER = webViewindefiner.WPPrintLogFileDemo..;
				PRODUCT_NAME = "$(TARGET_NAME)";
				TARGETED_DEVICE_FAMILY = "1,2";
			};
			name = Release;
		};
/* End XCBuildConfiguration section */

/* Begin XCConfigurationList section */
		FE515B941F7F4AFB00337D5C /* Build configuration list for PBXProject "WPPrintLogFileDemo" */ = {
			isa = XCConfigurationList;
			buildConfigurations = (
				FE515BAD1F7F4AFB00337D5C /* Debug */,
				FE515BAE1F7F4AFB00337D5C /* Release */,
			);
			defaultConfigurationIsVisible = 0;
			defaultConfigurationName = Release;
		};
		FE515BAF1F7F4AFB00337D5C /* Build configuration list for PBXNativeTarget "WPPrintLogFileDemo" */ = {
			isa = XCConfigurationList;
			buildConfigurations = (
				FE515BB01F7F4AFB00337D5C /* Debug */,
				FE515BB11F7F4AFB00337D5C /* Release */,
			);
			defaultConfigurationIsVisible = 0;
			defaultConfigurationName = Release;
		};
/* End XCConfigurationList section */
	};
	rootObject = FE515B911F7F4AFB00337D5C /* Project object */;
}
